
Microsoft Visual Studio Solution File, Format Version 12.00
# Visual Studio 2013
VisualStudioVersion = 12.0.30501.0
MinimumVisualStudioVersion = 10.0.40219.1
Project("{FAE04EC0-301F-11D3-BF4B-00C04F79EFBC}") = "SODA", "SODA\SODA.csproj", "{837EBDD7-EB58-44F8-834B-F2903A05A16E}"
EndProject
Project("{FAE04EC0-301F-11D3-BF4B-00C04F79EFBC}") = "SODA.Utilities", "..\..\Main\Source\SODA.Utilities\SODA.Utilities.csproj", "{63B7FAD7-5927-417C-AD2A-608D777AD1A7}"
EndProject
Project("{FAE04EC0-301F-11D3-BF4B-00C04F79EFBC}") = "SODA.Tests", "SODA.Tests\SODA.Tests.csproj", "{6872AC23-29E5-4EDB-A826-A3FC35AAFDA0}"
EndProject
Global
	GlobalSection(TeamFoundationVersionControl) = preSolution
		SccNumberOfProjects = 4
		SccEnterpriseProvider = {4CA58AB2-18FA-4F8D-95D4-32DDF27D184C}
		SccTeamFoundationServer = http://csmwebstage:8080/tfs/webdevelopment
		SccLocalPath0 = .
		SccProjectUniqueName1 = SODA\\SODA.csproj
		SccProjectName1 = SODA
		SccLocalPath1 = SODA
		SccProjectUniqueName2 = ..\\..\\Main\\Source\\SODA.Utilities\\SODA.Utilities.csproj
		SccProjectName2 = ../../Main/Source/SODA.Utilities
		SccLocalPath2 = ..\\..\\Main\\Source\\SODA.Utilities
		SccProjectUniqueName3 = SODA.Tests\\SODA.Tests.csproj
		SccProjectName3 = SODA.Tests
		SccLocalPath3 = SODA.Tests
	EndGlobalSection
	GlobalSection(SolutionConfigurationPlatforms) = preSolution
		Debug|Any CPU = Debug|Any CPU
		Release|Any CPU = Release|Any CPU
	EndGlobalSection
	GlobalSection(ProjectConfigurationPlatforms) = postSolution
		{837EBDD7-EB58-44F8-834B-F2903A05A16E}.Debug|Any CPU.ActiveCfg = Debug|Any CPU
		{837EBDD7-EB58-44F8-834B-F2903A05A16E}.Debug|Any CPU.Build.0 = Debug|Any CPU
		{837EBDD7-EB58-44F8-834B-F2903A05A16E}.Release|Any CPU.ActiveCfg = Release|Any CPU
		{837EBDD7-EB58-44F8-834B-F2903A05A16E}.Release|Any CPU.Build.0 = Release|Any CPU
		{63B7FAD7-5927-417C-AD2A-608D777AD1A7}.Debug|Any CPU.ActiveCfg = Debug|Any CPU
		{63B7FAD7-5927-417C-AD2A-608D777AD1A7}.Debug|Any CPU.Build.0 = Debug|Any CPU
		{63B7FAD7-5927-417C-AD2A-608D777AD1A7}.Release|Any CPU.ActiveCfg = Release|Any CPU
		{63B7FAD7-5927-417C-AD2A-608D777AD1A7}.Release|Any CPU.Build.0 = Release|Any CPU
		{6872AC23-29E5-4EDB-A826-A3FC35AAFDA0}.Debug|Any CPU.ActiveCfg = Debug|Any CPU
		{6872AC23-29E5-4EDB-A826-A3FC35AAFDA0}.Debug|Any CPU.Build.0 = Debug|Any CPU
		{6872AC23-29E5-4EDB-A826-A3FC35AAFDA0}.Release|Any CPU.ActiveCfg = Release|Any CPU
		{6872AC23-29E5-4EDB-A826-A3FC35AAFDA0}.Release|Any CPU.Build.0 = Release|Any CPU
	EndGlobalSection
	GlobalSection(SolutionProperties) = preSolution
		HideSolutionNode = FALSE
	EndGlobalSection
EndGlobal
